
Microsoft Visual Studio Solution File, Format Version 12.00
# Visual Studio Version 17
VisualStudioVersion = 17.13.36105.23 d17.13
MinimumVisualStudioVersion = 10.0.40219.1
Project("{FAE04EC0-301F-11D3-BF4B-00C04F79EFBC}") = "NationalClock", "NationalClock.csproj", "{AA54254E-0D72-7745-6172-C8C816FA48EE}"
EndProject
Global
	GlobalSection(SolutionConfigurationPlatforms) = preSolution
		Debug|Any CPU = Debug|Any CPU
		Debug|x64 = Debug|x64
		Release|Any CPU = Release|Any CPU
		Release|x64 = Release|x64
	EndGlobalSection
	GlobalSection(ProjectConfigurationPlatforms) = postSolution
		{AA54254E-0D72-7745-6172-C8C816FA48EE}.Debug|Any CPU.ActiveCfg = Debug|Any CPU
		{AA54254E-0D72-7745-6172-C8C816FA48EE}.Debug|Any CPU.Build.0 = Debug|Any CPU
		{AA54254E-0D72-7745-6172-C8C816FA48EE}.Debug|x64.ActiveCfg = Debug|x64
		{AA54254E-0D72-7745-6172-C8C816FA48EE}.Debug|x64.Build.0 = Debug|x64
		{AA54254E-0D72-7745-6172-C8C816FA48EE}.Release|Any CPU.ActiveCfg = Release|Any CPU
		{AA54254E-0D72-7745-6172-C8C816FA48EE}.Release|Any CPU.Build.0 = Release|Any CPU
		{AA54254E-0D72-7745-6172-C8C816FA48EE}.Release|x64.ActiveCfg = Release|x64
		{AA54254E-0D72-7745-6172-C8C816FA48EE}.Release|x64.Build.0 = Release|x64
	EndGlobalSection
	GlobalSection(SolutionProperties) = preSolution
		HideSolutionNode = FALSE
	EndGlobalSection
	GlobalSection(ExtensibilityGlobals) = postSolution
		SolutionGuid = {1A2E46E2-2CA5-4EDE-B95E-592777A197DA}
	EndGlobalSection
EndGlobal
